
Microsoft Visual Studio Solution File, Format Version 12.00
# Visual Studio Version 17
VisualStudioVersion = 17.5.002.0
MinimumVisualStudioVersion = 10.0.40219.1
Project("{2150E333-8FDC-42A3-9474-1A3956D46DE8}") = "src", "src", "{D0463773-4EC2-4C24-B177-AB2F0187F53B}"
EndProject
Project("{9A19103F-16F7-4668-BE54-9A1E7A4F7556}") = "SteelDonkey.Core", "src\SteelDonkey.Core\SteelDonkey.Core.csproj", "{65614E56-966F-40FE-BADC-84F9CBCEBC96}"
EndProject
Global
	GlobalSection(SolutionConfigurationPlatforms) = preSolution
		Debug|Any CPU = Debug|Any CPU
		Release|Any CPU = Release|Any CPU
	EndGlobalSection
	GlobalSection(ProjectConfigurationPlatforms) = postSolution
		{65614E56-966F-40FE-BADC-84F9CBCEBC96}.Debug|Any CPU.ActiveCfg = Debug|Any CPU
		{65614E56-966F-40FE-BADC-84F9CBCEBC96}.Debug|Any CPU.Build.0 = Debug|Any CPU
		{65614E56-966F-40FE-BADC-84F9CBCEBC96}.Release|Any CPU.ActiveCfg = Release|Any CPU
		{65614E56-966F-40FE-BADC-84F9CBCEBC96}.Release|Any CPU.Build.0 = Release|Any CPU
	EndGlobalSection
	GlobalSection(SolutionProperties) = preSolution
		HideSolutionNode = FALSE
	EndGlobalSection
	GlobalSection(NestedProjects) = preSolution
		{65614E56-966F-40FE-BADC-84F9CBCEBC96} = {D0463773-4EC2-4C24-B177-AB2F0187F53B}
	EndGlobalSection
	GlobalSection(ExtensibilityGlobals) = postSolution
		SolutionGuid = {94263C20-B1C2-4B29-BD65-139725DBEE28}
	EndGlobalSection
EndGlobal
